
Microsoft Visual Studio Solution File, Format Version 12.00
# Visual Studio Version 16
VisualStudioVersion = 25.0.1706.9
MinimumVisualStudioVersion = 10.0.40219.1
Project("{FAE04EC0-301F-11D3-BF4B-00C04F79EFBC}") = "Authorization", "Authorization\Authorization.csproj", "{0DF5BA5D-30EA-483D-A63D-49CFFF129D7F}"
EndProject
Global
	GlobalSection(SolutionConfigurationPlatforms) = preSolution
		Debug|Any CPU = Debug|Any CPU
		Release|Any CPU = Release|Any CPU
	EndGlobalSection
	GlobalSection(ProjectConfigurationPlatforms) = postSolution
		{0DF5BA5D-30EA-483D-A63D-49CFFF129D7F}.Debug|Any CPU.ActiveCfg = Debug|Any CPU
		{0DF5BA5D-30EA-483D-A63D-49CFFF129D7F}.Debug|Any CPU.Build.0 = Debug|Any CPU
		{0DF5BA5D-30EA-483D-A63D-49CFFF129D7F}.Release|Any CPU.ActiveCfg = Release|Any CPU
		{0DF5BA5D-30EA-483D-A63D-49CFFF129D7F}.Release|Any CPU.Build.0 = Release|Any CPU
	EndGlobalSection
	GlobalSection(SolutionProperties) = preSolution
		HideSolutionNode = FALSE
	EndGlobalSection
	GlobalSection(ExtensibilityGlobals) = postSolution
		SolutionGuid = {FD29D67C-BF95-42B9-BA6F-2E9E8DD96DFE}
	EndGlobalSection
EndGlobal
